
Microsoft Visual Studio Solution File, Format Version 12.00
# Visual Studio Version 16
VisualStudioVersion = 16.0.31205.134
MinimumVisualStudioVersion = 10.0.40219.1
Project("{FAE04EC0-301F-11D3-BF4B-00C04F79EFBC}") = "AgencyBizBook", "AgencyBizBook\AgencyBizBook.csproj", "{890C7DA7-1E3B-43C8-AFBD-A2ADC1904ED0}"
EndProject
Global
	GlobalSection(SolutionConfigurationPlatforms) = preSolution
		Debug|Any CPU = Debug|Any CPU
		Release|Any CPU = Release|Any CPU
	EndGlobalSection
	GlobalSection(ProjectConfigurationPlatforms) = postSolution
		{890C7DA7-1E3B-43C8-AFBD-A2ADC1904ED0}.Debug|Any CPU.ActiveCfg = Debug|Any CPU
		{890C7DA7-1E3B-43C8-AFBD-A2ADC1904ED0}.Debug|Any CPU.Build.0 = Debug|Any CPU
		{890C7DA7-1E3B-43C8-AFBD-A2ADC1904ED0}.Release|Any CPU.ActiveCfg = Release|Any CPU
		{890C7DA7-1E3B-43C8-AFBD-A2ADC1904ED0}.Release|Any CPU.Build.0 = Release|Any CPU
	EndGlobalSection
	GlobalSection(SolutionProperties) = preSolution
		HideSolutionNode = FALSE
	EndGlobalSection
	GlobalSection(ExtensibilityGlobals) = postSolution
		SolutionGuid = {520A4A71-83A7-4721-85C6-8178AB1878E1}
	EndGlobalSection
EndGlobal
